# auto-generated by grc.converter

id: dvbs2_interleaver_bb
label: Interleaver
category: '[DVB]/DVB-S2 VCM'
flags: [python, cpp]

inputs:
-   domain: stream
    dtype: byte

outputs:
-   domain: stream
    dtype: byte

templates:
    imports: import dvbs2
    make: dvbs2.interleaver_bb()

cpp_templates:
    includes: ['#include <dvbs2/interleaver_bb.h>']
    declarations: 'dvbs2::interleaver_bb::sptr ${id};'
    make: 'this->${id} = dvbs2::interleaver_bb::make();'
    link: ['gnuradio-dvbs2']

file_format: 1
