# auto-generated by grc.converter

id: dvbs2_ldpc_bb
label: LDPC Encoder
category: '[DVB]/DVB-S2 VCM'
flags: [python, cpp]

inputs:
-   domain: stream
    dtype: byte

outputs:
-   domain: stream
    dtype: byte

templates:
    imports: import dvbs2
    make: dvbs2.ldpc_bb()

cpp_templates:
    includes: ['#include <dvbs2/ldpc_bb.h>']
    declarations: 'dvbs2::ldpc_bb::sptr ${id};'
    make: 'this->${id} = dvbs2::ldpc_bb::make();'
    link: ['gnuradio-dvbs2']

file_format: 1
